// !$*UTF8*$!
{
	archiveVersion = 1;
	classes = {
	};
	objectVersion = 56;
	objects = {

/* Begin PBXBuildFile section */
		54F591EE299DACC30095784D /* CINEWATCHApp.swift in Sources */ = {isa = PBXBuildFile; fileRef = 54F591ED299DACC30095784D /* CINEWATCHApp.swift */; };
		54F591F5299DACC40095784D /* ContentView.swift in Sources */ = {isa = PBXBuildFile; fileRef = 54F591F4299DACC40095784D /* ContentView.swift */; };
		54F591F7299DACC80095784D /* Assets.xcassets in Resources */ = {isa = PBXBuildFile; fileRef = 54F591F6299DACC80095784D /* Assets.xcassets */; };
		54F591FB299DACC80095784D /* Preview Assets.xcassets in Resources */ = {isa = PBXBuildFile; fileRef = 54F591FA299DACC80095784D /* Preview Assets.xcassets */; };
		54F59205299DACC80095784D /* CINEWATCHTests.swift in Sources */ = {isa = PBXBuildFile; fileRef = 54F59204299DACC80095784D /* CINEWATCHTests.swift */; };
		54F5920F299DACC80095784D /* CINEWATCHUITests.swift in Sources */ = {isa = PBXBuildFile; fileRef = 54F5920E299DACC80095784D /* CINEWATCHUITests.swift */; };
		54F59211299DACC80095784D /* CINEWATCHUITestsLaunchTests.swift in Sources */ = {isa = PBXBuildFile; fileRef = 54F59210299DACC80095784D /* CINEWATCHUITestsLaunchTests.swift */; };
/* End PBXBuildFile section */

/* Begin PBXContainerItemProxy section */
		54F59201299DACC80095784D /* PBXContainerItemProxy */ = {
			isa = PBXContainerItemProxy;
			containerPortal = 54F591E2299DACC30095784D /* Project object */;
			proxyType = 1;
			remoteGlobalIDString = 54F591E9299DACC30095784D;
			remoteInfo = CINEWATCH;
		};
		54F5920B299DACC80095784D /* PBXContainerItemProxy */ = {
			isa = PBXContainerItemProxy;
			containerPortal = 54F591E2299DACC30095784D /* Project object */;
			proxyType = 1;
			remoteGlobalIDString = 54F591E9299DACC30095784D;
			remoteInfo = CINEWATCH;
		};
/* End PBXContainerItemProxy section */

/* Begin PBXFileReference section */
		54F591EA299DACC30095784D /* CINEWATCH.app */ = {isa = PBXFileReference; explicitFileType = wrapper.application; includeInIndex = 0; path = CINEWATCH.app; sourceTree = BUILT_PRODUCTS_DIR; };
		54F591ED299DACC30095784D /* CINEWATCHApp.swift */ = {isa = PBXFileReference; lastKnownFileType = sourcecode.swift; path = CINEWATCHApp.swift; sourceTree = "<group>"; };
		54F591F4299DACC40095784D /* ContentView.swift */ = {isa = PBXFileReference; lastKnownFileType = sourcecode.swift; path = ContentView.swift; sourceTree = "<group>"; };
		54F591F6299DACC80095784D /* Assets.xcassets */ = {isa = PBXFileReference; lastKnownFileType = folder.assetcatalog; path = Assets.xcassets; sourceTree = "<group>"; };
		54F591F8299DACC80095784D /* CINEWATCH.entitlements */ = {isa = PBXFileReference; lastKnownFileType = text.plist.entitlements; path = CINEWATCH.entitlements; sourceTree = "<group>"; };
		54F591FA299DACC80095784D /* Preview Assets.xcassets */ = {isa = PBXFileReference; lastKnownFileType = folder.assetcatalog; path = "Preview Assets.xcassets"; sourceTree = "<group>"; };
		54F59200299DACC80095784D /* CINEWATCHTests.xctest */ = {isa = PBXFileReference; explicitFileType = wrapper.cfbundle; includeInIndex = 0; path = CINEWATCHTests.xctest; sourceTree = BUILT_PRODUCTS_DIR; };
		54F59204299DACC80095784D /* CINEWATCHTests.swift */ = {isa = PBXFileReference; lastKnownFileType = sourcecode.swift; path = CINEWATCHTests.swift; sourceTree = "<group>"; };
		54F5920A299DACC80095784D /* CINEWATCHUITests.xctest */ = {isa = PBXFileReference; explicitFileType = wrapper.cfbundle; includeInIndex = 0; path = CINEWATCHUITests.xctest; sourceTree = BUILT_PRODUCTS_DIR; };
		54F5920E299DACC80095784D /* CINEWATCHUITests.swift */ = {isa = PBXFileReference; lastKnownFileType = sourcecode.swift; path = CINEWATCHUITests.swift; sourceTree = "<group>"; };
		54F59210299DACC80095784D /* CINEWATCHUITestsLaunchTests.swift */ = {isa = PBXFileReference; lastKnownFileType = sourcecode.swift; path = CINEWATCHUITestsLaunchTests.swift; sourceTree = "<group>"; };
/* End PBXFileReference section */

/* Begin PBXFrameworksBuildPhase section */
		54F591E7299DACC30095784D /* Frameworks */ = {
			isa = PBXFrameworksBuildPhase;
			buildActionMask = 2147483647;
			files = (
			);
			runOnlyForDeploymentPostprocessing = 0;
		};
		54F591FD299DACC80095784D /* Frameworks */ = {
			isa = PBXFrameworksBuildPhase;
			buildActionMask = 2147483647;
			files = (
			);
			runOnlyForDeploymentPostprocessing = 0;
		};
		54F59207299DACC80095784D /* Frameworks */ = {
			isa = PBXFrameworksBuildPhase;
			buildActionMask = 2147483647;
			files = (
			);
			runOnlyForDeploymentPostprocessing = 0;
		};
/* End PBXFrameworksBuildPhase section */

/* Begin PBXGroup section */
		54F591E1299DACC30095784D = {
			isa = PBXGroup;
			children = (
				54F591EC299DACC30095784D /* CINEWATCH */,
				54F59203299DACC80095784D /* CINEWATCHTests */,
				54F5920D299DACC80095784D /* CINEWATCHUITests */,
				54F591EB299DACC30095784D /* Products */,
			);
			sourceTree = "<group>";
		};
		54F591EB299DACC30095784D /* Products */ = {
			isa = PBXGroup;
			children = (
				54F591EA299DACC30095784D /* CINEWATCH.app */,
				54F59200299DACC80095784D /* CINEWATCHTests.xctest */,
				54F5920A299DACC80095784D /* CINEWATCHUITests.xctest */,
			);
			name = Products;
			sourceTree = "<group>";
		};
		54F591EC299DACC30095784D /* CINEWATCH */ = {
			isa = PBXGroup;
			children = (
				54F591ED299DACC30095784D /* CINEWATCHApp.swift */,
				54F591F4299DACC40095784D /* ContentView.swift */,
				54F591F6299DACC80095784D /* Assets.xcassets */,
				54F591F8299DACC80095784D /* CINEWATCH.entitlements */,
				54F591F9299DACC80095784D /* Preview Content */,
			);
			path = CINEWATCH;
			sourceTree = "<group>";
		};
		54F591F9299DACC80095784D /* Preview Content */ = {
			isa = PBXGroup;
			children = (
				54F591FA299DACC80095784D /* Preview Assets.xcassets */,
			);
			path = "Preview Content";
			sourceTree = "<group>";
		};
		54F59203299DACC80095784D /* CINEWATCHTests */ = {
			isa = PBXGroup;
			children = (
				54F59204299DACC80095784D /* CINEWATCHTests.swift */,
			);
			path = CINEWATCHTests;
			sourceTree = "<group>";
		};
		54F5920D299DACC80095784D /* CINEWATCHUITests */ = {
			isa = PBXGroup;
			children = (
				54F5920E299DACC80095784D /* CINEWATCHUITests.swift */,
				54F59210299DACC80095784D /* CINEWATCHUITestsLaunchTests.swift */,
			);
			path = CINEWATCHUITests;
			sourceTree = "<group>";
		};
/* End PBXGroup section */

/* Begin PBXNativeTarget section */
		54F591E9299DACC30095784D /* CINEWATCH */ = {
			isa = PBXNativeTarget;
			buildConfigurationList = 54F59214299DACC80095784D /* Build configuration list for PBXNativeTarget "CINEWATCH" */;
			buildPhases = (
				54F591E6299DACC30095784D /* Sources */,
				54F591E7299DACC30095784D /* Frameworks */,
				54F591E8299DACC30095784D /* Resources */,
			);
			buildRules = (
			);
			dependencies = (
			);
			name = CINEWATCH;
			productName = CINEWATCH;
			productReference = 54F591EA299DACC30095784D /* CINEWATCH.app */;
			productType = "com.apple.product-type.application";
		};
		54F591FF299DACC80095784D /* CINEWATCHTests */ = {
			isa = PBXNativeTarget;
			buildConfigurationList = 54F59217299DACC80095784D /* Build configuration list for PBXNativeTarget "CINEWATCHTests" */;
			buildPhases = (
				54F591FC299DACC80095784D /* Sources */,
				54F591FD299DACC80095784D /* Frameworks */,
				54F591FE299DACC80095784D /* Resources */,
			);
			buildRules = (
			);
			dependencies = (
				54F59202299DACC80095784D /* PBXTargetDependency */,
			);
			name = CINEWATCHTests;
			productName = CINEWATCHTests;
			productReference = 54F59200299DACC80095784D /* CINEWATCHTests.xctest */;
			productType = "com.apple.product-type.bundle.unit-test";
		};
		54F59209299DACC80095784D /* CINEWATCHUITests */ = {
			isa = PBXNativeTarget;
			buildConfigurationList = 54F5921A299DACC80095784D /* Build configuration list for PBXNativeTarget "CINEWATCHUITests" */;
			buildPhases = (
				54F59206299DACC80095784D /* Sources */,
				54F59207299DACC80095784D /* Frameworks */,
				54F59208299DACC80095784D /* Resources */,
			);
			buildRules = (
			);
			dependencies = (
				54F5920C299DACC80095784D /* PBXTargetDependency */,
			);
			name = CINEWATCHUITests;
			productName = CINEWATCHUITests;
			productReference = 54F5920A299DACC80095784D /* CINEWATCHUITests.xctest */;
			productType = "com.apple.product-type.bundle.ui-testing";
		};
/* End PBXNativeTarget section */

/* Begin PBXProject section */
		54F591E2299DACC30095784D /* Project object */ = {
			isa = PBXProject;
			attributes = {
				BuildIndependentTargetsInParallel = 1;
				LastSwiftUpdateCheck = 1420;
				LastUpgradeCheck = 1420;
				TargetAttributes = {
					54F591E9299DACC30095784D = {
						CreatedOnToolsVersion = 14.2;
					};
					54F591FF299DACC80095784D = {
						CreatedOnToolsVersion = 14.2;
						TestTargetID = 54F591E9299DACC30095784D;
					};
					54F59209299DACC80095784D = {
						CreatedOnToolsVersion = 14.2;
						TestTargetID = 54F591E9299DACC30095784D;
					};
				};
			};
			buildConfigurationList = 54F591E5299DACC30095784D /* Build configuration list for PBXProject "CINEWATCH" */;
			compatibilityVersion = "Xcode 14.0";
			developmentRegion = en;
			hasScannedForEncodings = 0;
			knownRegions = (
				en,
				Base,
			);
			mainGroup = 54F591E1299DACC30095784D;
			productRefGroup = 54F591EB299DACC30095784D /* Products */;
			projectDirPath = "";
			projectRoot = "";
			targets = (
				54F591E9299DACC30095784D /* CINEWATCH */,
				54F591FF299DACC80095784D /* CINEWATCHTests */,
				54F59209299DACC80095784D /* CINEWATCHUITests */,
			);
		};
/* End PBXProject section */

/* Begin PBXResourcesBuildPhase section */
		54F591E8299DACC30095784D /* Resources */ = {
			isa = PBXResourcesBuildPhase;
			buildActionMask = 2147483647;
			files = (
				54F591FB299DACC80095784D /* Preview Assets.xcassets in Resources */,
				54F591F7299DACC80095784D /* Assets.xcassets in Resources */,
			);
			runOnlyForDeploymentPostprocessing = 0;
		};
		54F591FE299DACC80095784D /* Resources */ = {
			isa = PBXResourcesBuildPhase;
			buildActionMask = 2147483647;
			files = (
			);
			runOnlyForDeploymentPostprocessing = 0;
		};
		54F59208299DACC80095784D /* Resources */ = {
			isa = PBXResourcesBuildPhase;
			buildActionMask = 2147483647;
			files = (
			);
			runOnlyForDeploymentPostprocessing = 0;
		};
/* End PBXResourcesBuildPhase section */

/* Begin PBXSourcesBuildPhase section */
		54F591E6299DACC30095784D /* Sources */ = {
			isa = PBXSourcesBuildPhase;
			buildActionMask = 2147483647;
			files = (
				54F591EE299DACC30095784D /* CINEWATCHApp.swift in Sources */,
				54F591F5299DACC40095784D /* ContentView.swift in Sources */,
			);
			runOnlyForDeploymentPostprocessing = 0;
		};
		54F591FC299DACC80095784D /* Sources */ = {
			isa = PBXSourcesBuildPhase;
			buildActionMask = 2147483647;
			files = (
				54F59205299DACC80095784D /* CINEWATCHTests.swift in Sources */,
			);
			runOnlyForDeploymentPostprocessing = 0;
		};
		54F59206299DACC80095784D /* Sources */ = {
			isa = PBXSourcesBuildPhase;
			buildActionMask = 2147483647;
			files = (
				54F5920F299DACC80095784D /* CINEWATCHUITests.swift in Sources */,
				54F59211299DACC80095784D /* CINEWATCHUITestsLaunchTests.swift in Sources */,
			);
			runOnlyForDeploymentPostprocessing = 0;
		};
/* End PBXSourcesBuildPhase section */

/* Begin PBXTargetDependency section */
		54F59202299DACC80095784D /* PBXTargetDependency */ = {
			isa = PBXTargetDependency;
			target = 54F591E9299DACC30095784D /* CINEWATCH */;
			targetProxy = 54F59201299DACC80095784D /* PBXContainerItemProxy */;
		};
		54F5920C299DACC80095784D /* PBXTargetDependency */ = {
			isa = PBXTargetDependency;
			target = 54F591E9299DACC30095784D /* CINEWATCH */;
			targetProxy = 54F5920B299DACC80095784D /* PBXContainerItemProxy */;
		};
/* End PBXTargetDependency section */

/* Begin XCBuildConfiguration section */
		54F59212299DACC80095784D /* Debug */ = {
			isa = XCBuildConfiguration;
			buildSettings = {
				ALWAYS_SEARCH_USER_PATHS = NO;
				CLANG_ANALYZER_NONNULL = YES;
				CLANG_ANALYZER_NUMBER_OBJECT_CONVERSION = YES_AGGRESSIVE;
				CLANG_CXX_LANGUAGE_STANDARD = "gnu++20";
				CLANG_ENABLE_MODULES = YES;
				CLANG_ENABLE_OBJC_ARC = YES;
				CLANG_ENABLE_OBJC_WEAK = YES;
				CLANG_WARN_BLOCK_CAPTURE_AUTORELEASING = YES;
				CLANG_WARN_BOOL_CONVERSION = YES;
				CLANG_WARN_COMMA = YES;
				CLANG_WARN_CONSTANT_CONVERSION = YES;
				CLANG_WARN_DEPRECATED_OBJC_IMPLEMENTATIONS = YES;
				CLANG_WARN_DIRECT_OBJC_ISA_USAGE = YES_ERROR;
				CLANG_WARN_DOCUMENTATION_COMMENTS = YES;
				CLANG_WARN_EMPTY_BODY = YES;
				CLANG_WARN_ENUM_CONVERSION = YES;
				CLANG_WARN_INFINITE_RECURSION = YES;
				CLANG_WARN_INT_CONVERSION = YES;
				CLANG_WARN_NON_LITERAL_NULL_CONVERSION = YES;
				CLANG_WARN_OBJC_IMPLICIT_RETAIN_SELF = YES;
				CLANG_WARN_OBJC_LITERAL_CONVERSION = YES;
				CLANG_WARN_OBJC_ROOT_CLASS = YES_ERROR;
				CLANG_WARN_QUOTED_INCLUDE_IN_FRAMEWORK_HEADER = YES;
				CLANG_WARN_RANGE_LOOP_ANALYSIS = YES;
				CLANG_WARN_STRICT_PROTOTYPES = YES;
				CLANG_WARN_SUSPICIOUS_MOVE = YES;
				CLANG_WARN_UNGUARDED_AVAILABILITY = YES_AGGRESSIVE;
				CLANG_WARN_UNREACHABLE_CODE = YES;
				CLANG_WARN__DUPLICATE_METHOD_MATCH = YES;
				COPY_PHASE_STRIP = NO;
				DEBUG_INFORMATION_FORMAT = dwarf;
				ENABLE_STRICT_OBJC_MSGSEND = YES;
				ENABLE_TESTABILITY = YES;
				GCC_C_LANGUAGE_STANDARD = gnu11;
				GCC_DYNAMIC_NO_PIC = NO;
				GCC_NO_COMMON_BLOCKS = YES;
				GCC_OPTIMIZATION_LEVEL = 0;
				GCC_PREPROCESSOR_DEFINITIONS = (
					"DEBUG=1",
					"$(inherited)",
				);
				GCC_WARN_64_TO_32_BIT_CONVERSION = YES;
				GCC_WARN_ABOUT_RETURN_TYPE = YES_ERROR;
				GCC_WARN_UNDECLARED_SELECTOR = YES;
				GCC_WARN_UNINITIALIZED_AUTOS = YES_AGGRESSIVE;
				GCC_WARN_UNUSED_FUNCTION = YES;
				GCC_WARN_UNUSED_VARIABLE = YES;
				MTL_ENABLE_DEBUG_INFO = INCLUDE_SOURCE;
				MTL_FAST_MATH = YES;
				ONLY_ACTIVE_ARCH = YES;
				SWIFT_ACTIVE_COMPILATION_CONDITIONS = DEBUG;
				SWIFT_OPTIMIZATION_LEVEL = "-Onone";
			};
			name = Debug;
		};
		54F59213299DACC80095784D /* Release */ = {
			isa = XCBuildConfiguration;
			buildSettings = {
				ALWAYS_SEARCH_USER_PATHS = NO;
				CLANG_ANALYZER_NONNULL = YES;
				CLANG_ANALYZER_NUMBER_OBJECT_CONVERSION = YES_AGGRESSIVE;
				CLANG_CXX_LANGUAGE_STANDARD = "gnu++20";
				CLANG_ENABLE_MODULES = YES;
				CLANG_ENABLE_OBJC_ARC = YES;
				CLANG_ENABLE_OBJC_WEAK = YES;
				CLANG_WARN_BLOCK_CAPTURE_AUTORELEASING = YES;
				CLANG_WARN_BOOL_CONVERSION = YES;
				CLANG_WARN_COMMA = YES;
				CLANG_WARN_CONSTANT_CONVERSION = YES;
				CLANG_WARN_DEPRECATED_OBJC_IMPLEMENTATIONS = YES;
				CLANG_WARN_DIRECT_OBJC_ISA_USAGE = YES_ERROR;
				CLANG_WARN_DOCUMENTATION_COMMENTS = YES;
				CLANG_WARN_EMPTY_BODY = YES;
				CLANG_WARN_ENUM_CONVERSION = YES;
				CLANG_WARN_INFINITE_RECURSION = YES;
				CLANG_WARN_INT_CONVERSION = YES;
				CLANG_WARN_NON_LITERAL_NULL_CONVERSION = YES;
				CLANG_WARN_OBJC_IMPLICIT_RETAIN_SELF = YES;
				CLANG_WARN_OBJC_LITERAL_CONVERSION = YES;
				CLANG_WARN_OBJC_ROOT_CLASS = YES_ERROR;
				CLANG_WARN_QUOTED_INCLUDE_IN_FRAMEWORK_HEADER = YES;
				CLANG_WARN_RANGE_LOOP_ANALYSIS = YES;
				CLANG_WARN_STRICT_PROTOTYPES = YES;
				CLANG_WARN_SUSPICIOUS_MOVE = YES;
				CLANG_WARN_UNGUARDED_AVAILABILITY = YES_AGGRESSIVE;
				CLANG_WARN_UNREACHABLE_CODE = YES;
				CLANG_WARN__DUPLICATE_METHOD_MATCH = YES;
				COPY_PHASE_STRIP = NO;
				DEBUG_INFORMATION_FORMAT = "dwarf-with-dsym";
				ENABLE_NS_ASSERTIONS = NO;
				ENABLE_STRICT_OBJC_MSGSEND = YES;
				GCC_C_LANGUAGE_STANDARD = gnu11;
				GCC_NO_COMMON_BLOCKS = YES;
				GCC_WARN_64_TO_32_BIT_CONVERSION = YES;
				GCC_WARN_ABOUT_RETURN_TYPE = YES_ERROR;
				GCC_WARN_UNDECLARED_SELECTOR = YES;
				GCC_WARN_UNINITIALIZED_AUTOS = YES_AGGRESSIVE;
				GCC_WARN_UNUSED_FUNCTION = YES;
				GCC_WARN_UNUSED_VARIABLE = YES;
				MTL_ENABLE_DEBUG_INFO = NO;
				MTL_FAST_MATH = YES;
				SWIFT_COMPILATION_MODE = wholemodule;
				SWIFT_OPTIMIZATION_LEVEL = "-O";
			};
			name = Release;
		};
		54F59215299DACC80095784D /* Debug */ = {
			isa = XCBuildConfiguration;
			buildSettings = {
				ASSETCATALOG_COMPILER_APPICON_NAME = AppIcon;
				ASSETCATALOG_COMPILER_GLOBAL_ACCENT_COLOR_NAME = AccentColor;
				CODE_SIGN_ENTITLEMENTS = CINEWATCH/CINEWATCH.entitlements;
				CODE_SIGN_STYLE = Automatic;
				CURRENT_PROJECT_VERSION = 1;
				DEVELOPMENT_ASSET_PATHS = "\"CINEWATCH/Preview Content\"";
				DEVELOPMENT_TEAM = 6436M7P4JH;
				ENABLE_HARDENED_RUNTIME = YES;
				ENABLE_PREVIEWS = YES;
				GENERATE_INFOPLIST_FILE = YES;
				"INFOPLIST_KEY_UIApplicationSceneManifest_Generation[sdk=iphoneos*]" = YES;
				"INFOPLIST_KEY_UIApplicationSceneManifest_Generation[sdk=iphonesimulator*]" = YES;
				"INFOPLIST_KEY_UIApplicationSupportsIndirectInputEvents[sdk=iphoneos*]" = YES;
				"INFOPLIST_KEY_UIApplicationSupportsIndirectInputEvents[sdk=iphonesimulator*]" = YES;
				"INFOPLIST_KEY_UILaunchScreen_Generation[sdk=iphoneos*]" = YES;
				"INFOPLIST_KEY_UILaunchScreen_Generation[sdk=iphonesimulator*]" = YES;
				"INFOPLIST_KEY_UIStatusBarStyle[sdk=iphoneos*]" = UIStatusBarStyleDefault;
				"INFOPLIST_KEY_UIStatusBarStyle[sdk=iphonesimulator*]" = UIStatusBarStyleDefault;
				INFOPLIST_KEY_UISupportedInterfaceOrientations_iPad = "UIInterfaceOrientationPortrait UIInterfaceOrientationPortraitUpsideDown UIInterfaceOrientationLandscapeLeft UIInterfaceOrientationLandscapeRight";
				INFOPLIST_KEY_UISupportedInterfaceOrientations_iPhone = "UIInterfaceOrientationPortrait UIInterfaceOrientationLandscapeLeft UIInterfaceOrientationLandscapeRight";
				IPHONEOS_DEPLOYMENT_TARGET = 16.2;
				LD_RUNPATH_SEARCH_PATHS = "@executable_path/Frameworks";
				"LD_RUNPATH_SEARCH_PATHS[sdk=macosx*]" = "@executable_path/../Frameworks";
				MACOSX_DEPLOYMENT_TARGET = 13.1;
				MARKETING_VERSION = 1.0;
				PRODUCT_BUNDLE_IDENTIFIER = Cinewatch.CINEWATCH;
				PRODUCT_NAME = "$(TARGET_NAME)";
				SDKROOT = auto;
				SUPPORTED_PLATFORMS = "iphoneos iphonesimulator macosx";
				SWIFT_EMIT_LOC_STRINGS = YES;
				SWIFT_VERSION = 5.0;
				TARGETED_DEVICE_FAMILY = "1,2";
			};
			name = Debug;
		};
		54F59216299DACC80095784D /* Release */ = {
			isa = XCBuildConfiguration;
			buildSettings = {
				ASSETCATALOG_COMPILER_APPICON_NAME = AppIcon;
				ASSETCATALOG_COMPILER_GLOBAL_ACCENT_COLOR_NAME = AccentColor;
				CODE_SIGN_ENTITLEMENTS = CINEWATCH/CINEWATCH.entitlements;
				CODE_SIGN_STYLE = Automatic;
				CURRENT_PROJECT_VERSION = 1;
				DEVELOPMENT_ASSET_PATHS = "\"CINEWATCH/Preview Content\"";
				DEVELOPMENT_TEAM = 6436M7P4JH;
				ENABLE_HARDENED_RUNTIME = YES;
				ENABLE_PREVIEWS = YES;
				GENERATE_INFOPLIST_FILE = YES;
				"INFOPLIST_KEY_UIApplicationSceneManifest_Generation[sdk=iphoneos*]" = YES;
				"INFOPLIST_KEY_UIApplicationSceneManifest_Generation[sdk=iphonesimulator*]" = YES;
				"INFOPLIST_KEY_UIApplicationSupportsIndirectInputEvents[sdk=iphoneos*]" = YES;
				"INFOPLIST_KEY_UIApplicationSupportsIndirectInputEvents[sdk=iphonesimulator*]" = YES;
				"INFOPLIST_KEY_UILaunchScreen_Generation[sdk=iphoneos*]" = YES;
				"INFOPLIST_KEY_UILaunchScreen_Generation[sdk=iphonesimulator*]" = YES;
				"INFOPLIST_KEY_UIStatusBarStyle[sdk=iphoneos*]" = UIStatusBarStyleDefault;
				"INFOPLIST_KEY_UIStatusBarStyle[sdk=iphonesimulator*]" = UIStatusBarStyleDefault;
				INFOPLIST_KEY_UISupportedInterfaceOrientations_iPad = "UIInterfaceOrientationPortrait UIInterfaceOrientationPortraitUpsideDown UIInterfaceOrientationLandscapeLeft UIInterfaceOrientationLandscapeRight";
				INFOPLIST_KEY_UISupportedInterfaceOrientations_iPhone = "UIInterfaceOrientationPortrait UIInterfaceOrientationLandscapeLeft UIInterfaceOrientationLandscapeRight";
				IPHONEOS_DEPLOYMENT_TARGET = 16.2;
				LD_RUNPATH_SEARCH_PATHS = "@executable_path/Frameworks";
				"LD_RUNPATH_SEARCH_PATHS[sdk=macosx*]" = "@executable_path/../Frameworks";
				MACOSX_DEPLOYMENT_TARGET = 13.1;
				MARKETING_VERSION = 1.0;
				PRODUCT_BUNDLE_IDENTIFIER = Cinewatch.CINEWATCH;
				PRODUCT_NAME = "$(TARGET_NAME)";
				SDKROOT = auto;
				SUPPORTED_PLATFORMS = "iphoneos iphonesimulator macosx";
				SWIFT_EMIT_LOC_STRINGS = YES;
				SWIFT_VERSION = 5.0;
				TARGETED_DEVICE_FAMILY = "1,2";
			};
			name = Release;
		};
		54F59218299DACC80095784D /* Debug */ = {
			isa = XCBuildConfiguration;
			buildSettings = {
				ALWAYS_EMBED_SWIFT_STANDARD_LIBRARIES = YES;
				BUNDLE_LOADER = "$(TEST_HOST)";
				CODE_SIGN_STYLE = Automatic;
				CURRENT_PROJECT_VERSION = 1;
				DEVELOPMENT_TEAM = 6436M7P4JH;
				GENERATE_INFOPLIST_FILE = YES;
				IPHONEOS_DEPLOYMENT_TARGET = 16.2;
				MACOSX_DEPLOYMENT_TARGET = 13.1;
				MARKETING_VERSION = 1.0;
				PRODUCT_BUNDLE_IDENTIFIER = Cinewatch.CINEWATCHTests;
				PRODUCT_NAME = "$(TARGET_NAME)";
				SDKROOT = auto;
				SUPPORTED_PLATFORMS = "iphoneos iphonesimulator macosx";
				SWIFT_EMIT_LOC_STRINGS = NO;
				SWIFT_VERSION = 5.0;
				TARGETED_DEVICE_FAMILY = "1,2";
				TEST_HOST = "$(BUILT_PRODUCTS_DIR)/CINEWATCH.app/$(BUNDLE_EXECUTABLE_FOLDER_PATH)/CINEWATCH";
			};
			name = Debug;
		};
		54F59219299DACC80095784D /* Release */ = {
			isa = XCBuildConfiguration;
			buildSettings = {
				ALWAYS_EMBED_SWIFT_STANDARD_LIBRARIES = YES;
				BUNDLE_LOADER = "$(TEST_HOST)";
				CODE_SIGN_STYLE = Automatic;
				CURRENT_PROJECT_VERSION = 1;
				DEVELOPMENT_TEAM = 6436M7P4JH;
				GENERATE_INFOPLIST_FILE = YES;
				IPHONEOS_DEPLOYMENT_TARGET = 16.2;
				MACOSX_DEPLOYMENT_TARGET = 13.1;
				MARKETING_VERSION = 1.0;
				PRODUCT_BUNDLE_IDENTIFIER = Cinewatch.CINEWATCHTests;
				PRODUCT_NAME = "$(TARGET_NAME)";
				SDKROOT = auto;
				SUPPORTED_PLATFORMS = "iphoneos iphonesimulator macosx";
				SWIFT_EMIT_LOC_STRINGS = NO;
				SWIFT_VERSION = 5.0;
				TARGETED_DEVICE_FAMILY = "1,2";
				TEST_HOST = "$(BUILT_PRODUCTS_DIR)/CINEWATCH.app/$(BUNDLE_EXECUTABLE_FOLDER_PATH)/CINEWATCH";
			};
			name = Release;
		};
		54F5921B299DACC80095784D /* Debug */ = {
			isa = XCBuildConfiguration;
			buildSettings = {
				ALWAYS_EMBED_SWIFT_STANDARD_LIBRARIES = YES;
				CODE_SIGN_STYLE = Automatic;
				CURRENT_PROJECT_VERSION = 1;
				DEVELOPMENT_TEAM = 6436M7P4JH;
				GENERATE_INFOPLIST_FILE = YES;
				IPHONEOS_DEPLOYMENT_TARGET = 16.2;
				MACOSX_DEPLOYMENT_TARGET = 13.1;
				MARKETING_VERSION = 1.0;
				PRODUCT_BUNDLE_IDENTIFIER = Cinewatch.CINEWATCHUITests;
				PRODUCT_NAME = "$(TARGET_NAME)";
				SDKROOT = auto;
				SUPPORTED_PLATFORMS = "iphoneos iphonesimulator macosx";
				SWIFT_EMIT_LOC_STRINGS = NO;
				SWIFT_VERSION = 5.0;
				TARGETED_DEVICE_FAMILY = "1,2";
				TEST_TARGET_NAME = CINEWATCH;
			};
			name = Debug;
		};
		54F5921C299DACC80095784D /* Release */ = {
			isa = XCBuildConfiguration;
			buildSettings = {
				ALWAYS_EMBED_SWIFT_STANDARD_LIBRARIES = YES;
				CODE_SIGN_STYLE = Automatic;
				CURRENT_PROJECT_VERSION = 1;
				DEVELOPMENT_TEAM = 6436M7P4JH;
				GENERATE_INFOPLIST_FILE = YES;
				IPHONEOS_DEPLOYMENT_TARGET = 16.2;
				MACOSX_DEPLOYMENT_TARGET = 13.1;
				MARKETING_VERSION = 1.0;
				PRODUCT_BUNDLE_IDENTIFIER = Cinewatch.CINEWATCHUITests;
				PRODUCT_NAME = "$(TARGET_NAME)";
				SDKROOT = auto;
				SUPPORTED_PLATFORMS = "iphoneos iphonesimulator macosx";
				SWIFT_EMIT_LOC_STRINGS = NO;
				SWIFT_VERSION = 5.0;
				TARGETED_DEVICE_FAMILY = "1,2";
				TEST_TARGET_NAME = CINEWATCH;
			};
			name = Release;
		};
/* End XCBuildConfiguration section */

/* Begin XCConfigurationList section */
		54F591E5299DACC30095784D /* Build configuration list for PBXProject "CINEWATCH" */ = {
			isa = XCConfigurationList;
			buildConfigurations = (
				54F59212299DACC80095784D /* Debug */,
				54F59213299DACC80095784D /* Release */,
			);
			defaultConfigurationIsVisible = 0;
			defaultConfigurationName = Release;
		};
		54F59214299DACC80095784D /* Build configuration list for PBXNativeTarget "CINEWATCH" */ = {
			isa = XCConfigurationList;
			buildConfigurations = (
				54F59215299DACC80095784D /* Debug */,
				54F59216299DACC80095784D /* Release */,
			);
			defaultConfigurationIsVisible = 0;
			defaultConfigurationName = Release;
		};
		54F59217299DACC80095784D /* Build configuration list for PBXNativeTarget "CINEWATCHTests" */ = {
			isa = XCConfigurationList;
			buildConfigurations = (
				54F59218299DACC80095784D /* Debug */,
				54F59219299DACC80095784D /* Release */,
			);
			defaultConfigurationIsVisible = 0;
			defaultConfigurationName = Release;
		};
		54F5921A299DACC80095784D /* Build configuration list for PBXNativeTarget "CINEWATCHUITests" */ = {
			isa = XCConfigurationList;
			buildConfigurations = (
				54F5921B299DACC80095784D /* Debug */,
				54F5921C299DACC80095784D /* Release */,
			);
			defaultConfigurationIsVisible = 0;
			defaultConfigurationName = Release;
		};
/* End XCConfigurationList section */
	};
	rootObject = 54F591E2299DACC30095784D /* Project object */;
}
